
Microsoft Visual Studio Solution File, Format Version 12.00
# Visual Studio Version 17
VisualStudioVersion = 17.7.34202.233
MinimumVisualStudioVersion = 10.0.40219.1
Project("{FAE04EC0-301F-11D3-BF4B-00C04F79EFBC}") = "MultiCracker", "MultiCracker\MultiCracker.csproj", "{3D598CF7-D3DC-4DD1-82E4-9CD1B1F1F1D5}"
EndProject
Global
	GlobalSection(SolutionConfigurationPlatforms) = preSolution
		Debug|Any CPU = Debug|Any CPU
		Release|Any CPU = Release|Any CPU
	EndGlobalSection
	GlobalSection(ProjectConfigurationPlatforms) = postSolution
		{3D598CF7-D3DC-4DD1-82E4-9CD1B1F1F1D5}.Debug|Any CPU.ActiveCfg = Debug|Any CPU
		{3D598CF7-D3DC-4DD1-82E4-9CD1B1F1F1D5}.Debug|Any CPU.Build.0 = Debug|Any CPU
		{3D598CF7-D3DC-4DD1-82E4-9CD1B1F1F1D5}.Release|Any CPU.ActiveCfg = Release|Any CPU
		{3D598CF7-D3DC-4DD1-82E4-9CD1B1F1F1D5}.Release|Any CPU.Build.0 = Release|Any CPU
	EndGlobalSection
	GlobalSection(SolutionProperties) = preSolution
		HideSolutionNode = FALSE
	EndGlobalSection
	GlobalSection(ExtensibilityGlobals) = postSolution
		SolutionGuid = {0FCCAFC0-4F75-41CD-89F1-931120D7DCDA}
	EndGlobalSection
EndGlobal
